
Microsoft Visual Studio Solution File, Format Version 12.00
# Visual Studio Version 16
VisualStudioVersion = 16.0.29503.13
MinimumVisualStudioVersion = 10.0.40219.1
Project("{8BC9CEB8-8B4A-11D0-8D11-00A0C91BC942}") = "Example-4-4", "Example-4-4\Example-4-4.vcxproj", "{99C85F15-5053-46AB-97D8-BF86CB6879D0}"
EndProject
Global
	GlobalSection(SolutionConfigurationPlatforms) = preSolution
		Debug|x64 = Debug|x64
		Debug|x86 = Debug|x86
		Release|x64 = Release|x64
		Release|x86 = Release|x86
	EndGlobalSection
	GlobalSection(ProjectConfigurationPlatforms) = postSolution
		{99C85F15-5053-46AB-97D8-BF86CB6879D0}.Debug|x64.ActiveCfg = Debug|x64
		{99C85F15-5053-46AB-97D8-BF86CB6879D0}.Debug|x64.Build.0 = Debug|x64
		{99C85F15-5053-46AB-97D8-BF86CB6879D0}.Debug|x86.ActiveCfg = Debug|Win32
		{99C85F15-5053-46AB-97D8-BF86CB6879D0}.Debug|x86.Build.0 = Debug|Win32
		{99C85F15-5053-46AB-97D8-BF86CB6879D0}.Release|x64.ActiveCfg = Release|x64
		{99C85F15-5053-46AB-97D8-BF86CB6879D0}.Release|x64.Build.0 = Release|x64
		{99C85F15-5053-46AB-97D8-BF86CB6879D0}.Release|x86.ActiveCfg = Release|Win32
		{99C85F15-5053-46AB-97D8-BF86CB6879D0}.Release|x86.Build.0 = Release|Win32
	EndGlobalSection
	GlobalSection(SolutionProperties) = preSolution
		HideSolutionNode = FALSE
	EndGlobalSection
	GlobalSection(ExtensibilityGlobals) = postSolution
		SolutionGuid = {43B6CA94-64A7-4506-8963-C3A757B9F0DE}
	EndGlobalSection
EndGlobal
