
Microsoft Visual Studio Solution File, Format Version 12.00
# Visual Studio Version 16
VisualStudioVersion = 16.0.29201.188
MinimumVisualStudioVersion = 10.0.40219.1
Project("{8BC9CEB8-8B4A-11D0-8D11-00A0C91BC942}") = "chap1", "OpenChallenge\OpenChallenge.vcxproj", "{766766CC-8F31-484E-870B-C63FCBEB8995}"
EndProject
Project("{8BC9CEB8-8B4A-11D0-8D11-00A0C91BC942}") = "chap2", "chap2\chap2.vcxproj", "{C164D95A-26E4-4C64-A159-9F8D4786D2BC}"
EndProject
Global
	GlobalSection(SolutionConfigurationPlatforms) = preSolution
		Debug|x64 = Debug|x64
		Debug|x86 = Debug|x86
		Release|x64 = Release|x64
		Release|x86 = Release|x86
	EndGlobalSection
	GlobalSection(ProjectConfigurationPlatforms) = postSolution
		{766766CC-8F31-484E-870B-C63FCBEB8995}.Debug|x64.ActiveCfg = Debug|x64
		{766766CC-8F31-484E-870B-C63FCBEB8995}.Debug|x64.Build.0 = Debug|x64
		{766766CC-8F31-484E-870B-C63FCBEB8995}.Debug|x86.ActiveCfg = Debug|Win32
		{766766CC-8F31-484E-870B-C63FCBEB8995}.Debug|x86.Build.0 = Debug|Win32
		{766766CC-8F31-484E-870B-C63FCBEB8995}.Release|x64.ActiveCfg = Release|x64
		{766766CC-8F31-484E-870B-C63FCBEB8995}.Release|x64.Build.0 = Release|x64
		{766766CC-8F31-484E-870B-C63FCBEB8995}.Release|x86.ActiveCfg = Release|Win32
		{766766CC-8F31-484E-870B-C63FCBEB8995}.Release|x86.Build.0 = Release|Win32
		{C164D95A-26E4-4C64-A159-9F8D4786D2BC}.Debug|x64.ActiveCfg = Debug|x64
		{C164D95A-26E4-4C64-A159-9F8D4786D2BC}.Debug|x64.Build.0 = Debug|x64
		{C164D95A-26E4-4C64-A159-9F8D4786D2BC}.Debug|x86.ActiveCfg = Debug|Win32
		{C164D95A-26E4-4C64-A159-9F8D4786D2BC}.Debug|x86.Build.0 = Debug|Win32
		{C164D95A-26E4-4C64-A159-9F8D4786D2BC}.Release|x64.ActiveCfg = Release|x64
		{C164D95A-26E4-4C64-A159-9F8D4786D2BC}.Release|x64.Build.0 = Release|x64
		{C164D95A-26E4-4C64-A159-9F8D4786D2BC}.Release|x86.ActiveCfg = Release|Win32
		{C164D95A-26E4-4C64-A159-9F8D4786D2BC}.Release|x86.Build.0 = Release|Win32
	EndGlobalSection
	GlobalSection(SolutionProperties) = preSolution
		HideSolutionNode = FALSE
	EndGlobalSection
	GlobalSection(ExtensibilityGlobals) = postSolution
		SolutionGuid = {A118CCF9-3380-470C-9DBB-CEF5C6CF8B51}
	EndGlobalSection
EndGlobal
