
Microsoft Visual Studio Solution File, Format Version 12.00
# Visual Studio Version 16
VisualStudioVersion = 16.0.29503.13
MinimumVisualStudioVersion = 10.0.40219.1
Project("{8BC9CEB8-8B4A-11D0-8D11-00A0C91BC942}") = "Example-4-7", "Example-4-7\Example-4-7.vcxproj", "{BC5CF3BE-F4A1-4317-A2AF-D46CB4A22626}"
EndProject
Global
	GlobalSection(SolutionConfigurationPlatforms) = preSolution
		Debug|x64 = Debug|x64
		Debug|x86 = Debug|x86
		Release|x64 = Release|x64
		Release|x86 = Release|x86
	EndGlobalSection
	GlobalSection(ProjectConfigurationPlatforms) = postSolution
		{BC5CF3BE-F4A1-4317-A2AF-D46CB4A22626}.Debug|x64.ActiveCfg = Debug|x64
		{BC5CF3BE-F4A1-4317-A2AF-D46CB4A22626}.Debug|x64.Build.0 = Debug|x64
		{BC5CF3BE-F4A1-4317-A2AF-D46CB4A22626}.Debug|x86.ActiveCfg = Debug|Win32
		{BC5CF3BE-F4A1-4317-A2AF-D46CB4A22626}.Debug|x86.Build.0 = Debug|Win32
		{BC5CF3BE-F4A1-4317-A2AF-D46CB4A22626}.Release|x64.ActiveCfg = Release|x64
		{BC5CF3BE-F4A1-4317-A2AF-D46CB4A22626}.Release|x64.Build.0 = Release|x64
		{BC5CF3BE-F4A1-4317-A2AF-D46CB4A22626}.Release|x86.ActiveCfg = Release|Win32
		{BC5CF3BE-F4A1-4317-A2AF-D46CB4A22626}.Release|x86.Build.0 = Release|Win32
	EndGlobalSection
	GlobalSection(SolutionProperties) = preSolution
		HideSolutionNode = FALSE
	EndGlobalSection
	GlobalSection(ExtensibilityGlobals) = postSolution
		SolutionGuid = {1F79231A-5E23-4B10-8AC9-B17520373061}
	EndGlobalSection
EndGlobal
